
Microsoft Visual Studio Solution File, Format Version 12.00
# Visual Studio Version 17
VisualStudioVersion = 17.9.34902.65
MinimumVisualStudioVersion = 10.0.40219.1
Project("{8BC9CEB8-8B4A-11D0-8D11-00A0C91BC942}") = "Preprocenssor", "Preprocenssor\Preprocenssor.vcxproj", "{1DFE6C34-5EDC-4799-AA19-86DEC4D694E6}"
EndProject
Global
	GlobalSection(SolutionConfigurationPlatforms) = preSolution
		Debug|x64 = Debug|x64
		Debug|x86 = Debug|x86
		Release|x64 = Release|x64
		Release|x86 = Release|x86
	EndGlobalSection
	GlobalSection(ProjectConfigurationPlatforms) = postSolution
		{1DFE6C34-5EDC-4799-AA19-86DEC4D694E6}.Debug|x64.ActiveCfg = Debug|x64
		{1DFE6C34-5EDC-4799-AA19-86DEC4D694E6}.Debug|x64.Build.0 = Debug|x64
		{1DFE6C34-5EDC-4799-AA19-86DEC4D694E6}.Debug|x86.ActiveCfg = Debug|Win32
		{1DFE6C34-5EDC-4799-AA19-86DEC4D694E6}.Debug|x86.Build.0 = Debug|Win32
		{1DFE6C34-5EDC-4799-AA19-86DEC4D694E6}.Release|x64.ActiveCfg = Release|x64
		{1DFE6C34-5EDC-4799-AA19-86DEC4D694E6}.Release|x64.Build.0 = Release|x64
		{1DFE6C34-5EDC-4799-AA19-86DEC4D694E6}.Release|x86.ActiveCfg = Release|Win32
		{1DFE6C34-5EDC-4799-AA19-86DEC4D694E6}.Release|x86.Build.0 = Release|Win32
	EndGlobalSection
	GlobalSection(SolutionProperties) = preSolution
		HideSolutionNode = FALSE
	EndGlobalSection
	GlobalSection(ExtensibilityGlobals) = postSolution
		SolutionGuid = {FF3D9CFF-C0EE-43BA-AD82-29DFCAC9A123}
	EndGlobalSection
EndGlobal
